// !$*UTF8*$!
{
	archiveVersion = 1;
	classes = {
	};
	objectVersion = 51;
	objects = {

/* Begin PBXBuildFile section */
		25BD9A6125B12D1500F36406 /* List.swift in Sources */ = {isa = PBXBuildFile; fileRef = 25BD9A6025B12D1500F36406 /* List.swift */; };
		25D2A62225AD33E900308F26 /* AppDelegate.swift in Sources */ = {isa = PBXBuildFile; fileRef = 25D2A62125AD33E900308F26 /* AppDelegate.swift */; };
		25D2A62625AD33E900308F26 /* ListViewController.swift in Sources */ = {isa = PBXBuildFile; fileRef = 25D2A62525AD33E900308F26 /* ListViewController.swift */; };
		25D2A62B25AD33ED00308F26 /* Assets.xcassets in Resources */ = {isa = PBXBuildFile; fileRef = 25D2A62A25AD33ED00308F26 /* Assets.xcassets */; };
		25D2A62E25AD33ED00308F26 /* LaunchScreen.storyboard in Resources */ = {isa = PBXBuildFile; fileRef = 25D2A62C25AD33ED00308F26 /* LaunchScreen.storyboard */; };
		25D2A63A25AD353A00308F26 /* DetailViewController.swift in Sources */ = {isa = PBXBuildFile; fileRef = 25D2A63925AD353A00308F26 /* DetailViewController.swift */; };
		25D2A63D25AD354100308F26 /* ListViewModel.swift in Sources */ = {isa = PBXBuildFile; fileRef = 25D2A63C25AD354100308F26 /* ListViewModel.swift */; };
		25D2A64125AD35F000308F26 /* Country.swift in Sources */ = {isa = PBXBuildFile; fileRef = 25D2A64025AD35F000308F26 /* Country.swift */; };
		25D2A64525AD3C6F00308F26 /* Country.json in Resources */ = {isa = PBXBuildFile; fileRef = 25D2A64425AD3C6F00308F26 /* Country.json */; };
		25D2A65025AD649900308F26 /* DetailViewModel.swift in Sources */ = {isa = PBXBuildFile; fileRef = 25D2A64F25AD649900308F26 /* DetailViewModel.swift */; };
		25D2A66025AD9C3000308F26 /* Step.swift in Sources */ = {isa = PBXBuildFile; fileRef = 25D2A65F25AD9C3000308F26 /* Step.swift */; };
		25D2A66B25AD9D8C00308F26 /* Stepper.swift in Sources */ = {isa = PBXBuildFile; fileRef = 25D2A66A25AD9D8C00308F26 /* Stepper.swift */; };
		25D2A66E25AD9D9300308F26 /* Flow.swift in Sources */ = {isa = PBXBuildFile; fileRef = 25D2A66D25AD9D9300308F26 /* Flow.swift */; };
		25D2A67B25ADB55900308F26 /* ViewModel.swift in Sources */ = {isa = PBXBuildFile; fileRef = 25D2A67A25ADB55900308F26 /* ViewModel.swift */; };
		B7008068C65D3ECE04FA5736 /* Pods_RxTableViewPractice.framework in Frameworks */ = {isa = PBXBuildFile; fileRef = 219D0398C99F055F64987BB8 /* Pods_RxTableViewPractice.framework */; };
/* End PBXBuildFile section */

/* Begin PBXFileReference section */
		219D0398C99F055F64987BB8 /* Pods_RxTableViewPractice.framework */ = {isa = PBXFileReference; explicitFileType = wrapper.framework; includeInIndex = 0; path = Pods_RxTableViewPractice.framework; sourceTree = BUILT_PRODUCTS_DIR; };
		25BD9A6025B12D1500F36406 /* List.swift */ = {isa = PBXFileReference; lastKnownFileType = sourcecode.swift; path = List.swift; sourceTree = "<group>"; };
		25D2A61E25AD33E900308F26 /* RxTableViewPractice.app */ = {isa = PBXFileReference; explicitFileType = wrapper.application; includeInIndex = 0; path = RxTableViewPractice.app; sourceTree = BUILT_PRODUCTS_DIR; };
		25D2A62125AD33E900308F26 /* AppDelegate.swift */ = {isa = PBXFileReference; lastKnownFileType = sourcecode.swift; path = AppDelegate.swift; sourceTree = "<group>"; };
		25D2A62525AD33E900308F26 /* ListViewController.swift */ = {isa = PBXFileReference; lastKnownFileType = sourcecode.swift; path = ListViewController.swift; sourceTree = "<group>"; };
		25D2A62A25AD33ED00308F26 /* Assets.xcassets */ = {isa = PBXFileReference; lastKnownFileType = folder.assetcatalog; path = Assets.xcassets; sourceTree = "<group>"; };
		25D2A62D25AD33ED00308F26 /* Base */ = {isa = PBXFileReference; lastKnownFileType = file.storyboard; name = Base; path = Base.lproj/LaunchScreen.storyboard; sourceTree = "<group>"; };
		25D2A62F25AD33ED00308F26 /* Info.plist */ = {isa = PBXFileReference; lastKnownFileType = text.plist.xml; path = Info.plist; sourceTree = "<group>"; };
		25D2A63925AD353A00308F26 /* DetailViewController.swift */ = {isa = PBXFileReference; lastKnownFileType = sourcecode.swift; path = DetailViewController.swift; sourceTree = "<group>"; };
		25D2A63C25AD354100308F26 /* ListViewModel.swift */ = {isa = PBXFileReference; lastKnownFileType = sourcecode.swift; path = ListViewModel.swift; sourceTree = "<group>"; };
		25D2A64025AD35F000308F26 /* Country.swift */ = {isa = PBXFileReference; lastKnownFileType = sourcecode.swift; path = Country.swift; sourceTree = "<group>"; };
		25D2A64425AD3C6F00308F26 /* Country.json */ = {isa = PBXFileReference; lastKnownFileType = text.json; path = Country.json; sourceTree = "<group>"; xcLanguageSpecificationIdentifier = xcode.lang.json; };
		25D2A64F25AD649900308F26 /* DetailViewModel.swift */ = {isa = PBXFileReference; lastKnownFileType = sourcecode.swift; path = DetailViewModel.swift; sourceTree = "<group>"; };
		25D2A65F25AD9C3000308F26 /* Step.swift */ = {isa = PBXFileReference; lastKnownFileType = sourcecode.swift; path = Step.swift; sourceTree = "<group>"; };
		25D2A66A25AD9D8C00308F26 /* Stepper.swift */ = {isa = PBXFileReference; lastKnownFileType = sourcecode.swift; path = Stepper.swift; sourceTree = "<group>"; };
		25D2A66D25AD9D9300308F26 /* Flow.swift */ = {isa = PBXFileReference; lastKnownFileType = sourcecode.swift; path = Flow.swift; sourceTree = "<group>"; };
		25D2A67A25ADB55900308F26 /* ViewModel.swift */ = {isa = PBXFileReference; lastKnownFileType = sourcecode.swift; path = ViewModel.swift; sourceTree = "<group>"; };
		766AD041C2647FF1ADD64526 /* Pods-RxTableViewPractice.release.xcconfig */ = {isa = PBXFileReference; includeInIndex = 1; lastKnownFileType = text.xcconfig; name = "Pods-RxTableViewPractice.release.xcconfig"; path = "Target Support Files/Pods-RxTableViewPractice/Pods-RxTableViewPractice.release.xcconfig"; sourceTree = "<group>"; };
		C300570D254DE13C67196214 /* Pods-RxTableViewPractice.debug.xcconfig */ = {isa = PBXFileReference; includeInIndex = 1; lastKnownFileType = text.xcconfig; name = "Pods-RxTableViewPractice.debug.xcconfig"; path = "Target Support Files/Pods-RxTableViewPractice/Pods-RxTableViewPractice.debug.xcconfig"; sourceTree = "<group>"; };
/* End PBXFileReference section */

/* Begin PBXFrameworksBuildPhase section */
		25D2A61B25AD33E900308F26 /* Frameworks */ = {
			isa = PBXFrameworksBuildPhase;
			buildActionMask = 2147483647;
			files = (
				B7008068C65D3ECE04FA5736 /* Pods_RxTableViewPractice.framework in Frameworks */,
			);
			runOnlyForDeploymentPostprocessing = 0;
		};
/* End PBXFrameworksBuildPhase section */

/* Begin PBXGroup section */
		24845FD093D4F6DE78FB8783 /* Frameworks */ = {
			isa = PBXGroup;
			children = (
				219D0398C99F055F64987BB8 /* Pods_RxTableViewPractice.framework */,
			);
			name = Frameworks;
			sourceTree = "<group>";
		};
		25BD9A6525B12D2100F36406 /* Cell */ = {
			isa = PBXGroup;
			children = (
				25BD9A6025B12D1500F36406 /* List.swift */,
			);
			path = Cell;
			sourceTree = "<group>";
		};
		25D2A61525AD33E900308F26 = {
			isa = PBXGroup;
			children = (
				25D2A62025AD33E900308F26 /* RxTableViewPractice */,
				25D2A61F25AD33E900308F26 /* Products */,
				5B11BFC62F6914C98DAD31D4 /* Pods */,
				24845FD093D4F6DE78FB8783 /* Frameworks */,
			);
			sourceTree = "<group>";
		};
		25D2A61F25AD33E900308F26 /* Products */ = {
			isa = PBXGroup;
			children = (
				25D2A61E25AD33E900308F26 /* RxTableViewPractice.app */,
			);
			name = Products;
			sourceTree = "<group>";
		};
		25D2A62025AD33E900308F26 /* RxTableViewPractice */ = {
			isa = PBXGroup;
			children = (
				25D2A62125AD33E900308F26 /* AppDelegate.swift */,
				25D2A67D25ADB62A00308F26 /* Extension */,
				25D2A65925AD9C1600308F26 /* Coordinator */,
				25D2A63F25AD354C00308F26 /* Model */,
				25D2A63625AD350900308F26 /* List */,
				25D2A63725AD350D00308F26 /* Detail */,
				25D2A62A25AD33ED00308F26 /* Assets.xcassets */,
				25D2A62C25AD33ED00308F26 /* LaunchScreen.storyboard */,
				25D2A62F25AD33ED00308F26 /* Info.plist */,
			);
			path = RxTableViewPractice;
			sourceTree = "<group>";
		};
		25D2A63625AD350900308F26 /* List */ = {
			isa = PBXGroup;
			children = (
				25BD9A6525B12D2100F36406 /* Cell */,
				25D2A62525AD33E900308F26 /* ListViewController.swift */,
				25D2A63C25AD354100308F26 /* ListViewModel.swift */,
			);
			path = List;
			sourceTree = "<group>";
		};
		25D2A63725AD350D00308F26 /* Detail */ = {
			isa = PBXGroup;
			children = (
				25D2A63925AD353A00308F26 /* DetailViewController.swift */,
				25D2A64F25AD649900308F26 /* DetailViewModel.swift */,
			);
			path = Detail;
			sourceTree = "<group>";
		};
		25D2A63F25AD354C00308F26 /* Model */ = {
			isa = PBXGroup;
			children = (
				25D2A64025AD35F000308F26 /* Country.swift */,
				25D2A64425AD3C6F00308F26 /* Country.json */,
			);
			path = Model;
			sourceTree = "<group>";
		};
		25D2A65925AD9C1600308F26 /* Coordinator */ = {
			isa = PBXGroup;
			children = (
				25D2A65F25AD9C3000308F26 /* Step.swift */,
				25D2A66A25AD9D8C00308F26 /* Stepper.swift */,
				25D2A66D25AD9D9300308F26 /* Flow.swift */,
			);
			path = Coordinator;
			sourceTree = "<group>";
		};
		25D2A67D25ADB62A00308F26 /* Extension */ = {
			isa = PBXGroup;
			children = (
				25D2A67A25ADB55900308F26 /* ViewModel.swift */,
			);
			path = Extension;
			sourceTree = "<group>";
		};
		5B11BFC62F6914C98DAD31D4 /* Pods */ = {
			isa = PBXGroup;
			children = (
				C300570D254DE13C67196214 /* Pods-RxTableViewPractice.debug.xcconfig */,
				766AD041C2647FF1ADD64526 /* Pods-RxTableViewPractice.release.xcconfig */,
			);
			path = Pods;
			sourceTree = "<group>";
		};
/* End PBXGroup section */

/* Begin PBXNativeTarget section */
		25D2A61D25AD33E900308F26 /* RxTableViewPractice */ = {
			isa = PBXNativeTarget;
			buildConfigurationList = 25D2A63225AD33ED00308F26 /* Build configuration list for PBXNativeTarget "RxTableViewPractice" */;
			buildPhases = (
				537723BF4B1103B8E878C615 /* [CP] Check Pods Manifest.lock */,
				25D2A61A25AD33E900308F26 /* Sources */,
				25D2A61B25AD33E900308F26 /* Frameworks */,
				25D2A61C25AD33E900308F26 /* Resources */,
				08AC4C7AEBE722424D753AD8 /* [CP] Embed Pods Frameworks */,
			);
			buildRules = (
			);
			dependencies = (
			);
			name = RxTableViewPractice;
			productName = RxTableViewPractice;
			productReference = 25D2A61E25AD33E900308F26 /* RxTableViewPractice.app */;
			productType = "com.apple.product-type.application";
		};
/* End PBXNativeTarget section */

/* Begin PBXProject section */
		25D2A61625AD33E900308F26 /* Project object */ = {
			isa = PBXProject;
			attributes = {
				LastSwiftUpdateCheck = 1230;
				LastUpgradeCheck = 1230;
				TargetAttributes = {
					25D2A61D25AD33E900308F26 = {
						CreatedOnToolsVersion = 12.3;
					};
				};
			};
			buildConfigurationList = 25D2A61925AD33E900308F26 /* Build configuration list for PBXProject "RxTableViewPractice" */;
			compatibilityVersion = "Xcode 9.3";
			developmentRegion = en;
			hasScannedForEncodings = 0;
			knownRegions = (
				en,
				Base,
			);
			mainGroup = 25D2A61525AD33E900308F26;
			productRefGroup = 25D2A61F25AD33E900308F26 /* Products */;
			projectDirPath = "";
			projectRoot = "";
			targets = (
				25D2A61D25AD33E900308F26 /* RxTableViewPractice */,
			);
		};
/* End PBXProject section */

/* Begin PBXResourcesBuildPhase section */
		25D2A61C25AD33E900308F26 /* Resources */ = {
			isa = PBXResourcesBuildPhase;
			buildActionMask = 2147483647;
			files = (
				25D2A64525AD3C6F00308F26 /* Country.json in Resources */,
				25D2A62E25AD33ED00308F26 /* LaunchScreen.storyboard in Resources */,
				25D2A62B25AD33ED00308F26 /* Assets.xcassets in Resources */,
			);
			runOnlyForDeploymentPostprocessing = 0;
		};
/* End PBXResourcesBuildPhase section */

/* Begin PBXShellScriptBuildPhase section */
		08AC4C7AEBE722424D753AD8 /* [CP] Embed Pods Frameworks */ = {
			isa = PBXShellScriptBuildPhase;
			buildActionMask = 2147483647;
			files = (
			);
			inputFileListPaths = (
				"${PODS_ROOT}/Target Support Files/Pods-RxTableViewPractice/Pods-RxTableViewPractice-frameworks-${CONFIGURATION}-input-files.xcfilelist",
			);
			name = "[CP] Embed Pods Frameworks";
			outputFileListPaths = (
				"${PODS_ROOT}/Target Support Files/Pods-RxTableViewPractice/Pods-RxTableViewPractice-frameworks-${CONFIGURATION}-output-files.xcfilelist",
			);
			runOnlyForDeploymentPostprocessing = 0;
			shellPath = /bin/sh;
			shellScript = "\"${PODS_ROOT}/Target Support Files/Pods-RxTableViewPractice/Pods-RxTableViewPractice-frameworks.sh\"\n";
			showEnvVarsInLog = 0;
		};
		537723BF4B1103B8E878C615 /* [CP] Check Pods Manifest.lock */ = {
			isa = PBXShellScriptBuildPhase;
			buildActionMask = 2147483647;
			files = (
			);
			inputFileListPaths = (
			);
			inputPaths = (
				"${PODS_PODFILE_DIR_PATH}/Podfile.lock",
				"${PODS_ROOT}/Manifest.lock",
			);
			name = "[CP] Check Pods Manifest.lock";
			outputFileListPaths = (
			);
			outputPaths = (
				"$(DERIVED_FILE_DIR)/Pods-RxTableViewPractice-checkManifestLockResult.txt",
			);
			runOnlyForDeploymentPostprocessing = 0;
			shellPath = /bin/sh;
			shellScript = "diff \"${PODS_PODFILE_DIR_PATH}/Podfile.lock\" \"${PODS_ROOT}/Manifest.lock\" > /dev/null\nif [ $? != 0 ] ; then\n    # print error to STDERR\n    echo \"error: The sandbox is not in sync with the Podfile.lock. Run 'pod install' or update your CocoaPods installation.\" >&2\n    exit 1\nfi\n# This output is used by Xcode 'outputs' to avoid re-running this script phase.\necho \"SUCCESS\" > \"${SCRIPT_OUTPUT_FILE_0}\"\n";
			showEnvVarsInLog = 0;
		};
/* End PBXShellScriptBuildPhase section */

/* Begin PBXSourcesBuildPhase section */
		25D2A61A25AD33E900308F26 /* Sources */ = {
			isa = PBXSourcesBuildPhase;
			buildActionMask = 2147483647;
			files = (
				25D2A63D25AD354100308F26 /* ListViewModel.swift in Sources */,
				25D2A66E25AD9D9300308F26 /* Flow.swift in Sources */,
				25D2A66025AD9C3000308F26 /* Step.swift in Sources */,
				25D2A67B25ADB55900308F26 /* ViewModel.swift in Sources */,
				25D2A62625AD33E900308F26 /* ListViewController.swift in Sources */,
				25D2A65025AD649900308F26 /* DetailViewModel.swift in Sources */,
				25BD9A6125B12D1500F36406 /* List.swift in Sources */,
				25D2A62225AD33E900308F26 /* AppDelegate.swift in Sources */,
				25D2A64125AD35F000308F26 /* Country.swift in Sources */,
				25D2A66B25AD9D8C00308F26 /* Stepper.swift in Sources */,
				25D2A63A25AD353A00308F26 /* DetailViewController.swift in Sources */,
			);
			runOnlyForDeploymentPostprocessing = 0;
		};
/* End PBXSourcesBuildPhase section */

/* Begin PBXVariantGroup section */
		25D2A62C25AD33ED00308F26 /* LaunchScreen.storyboard */ = {
			isa = PBXVariantGroup;
			children = (
				25D2A62D25AD33ED00308F26 /* Base */,
			);
			name = LaunchScreen.storyboard;
			sourceTree = "<group>";
		};
/* End PBXVariantGroup section */

/* Begin XCBuildConfiguration section */
		25D2A63025AD33ED00308F26 /* Debug */ = {
			isa = XCBuildConfiguration;
			buildSettings = {
				ALWAYS_SEARCH_USER_PATHS = NO;
				CLANG_ANALYZER_NONNULL = YES;
				CLANG_ANALYZER_NUMBER_OBJECT_CONVERSION = YES_AGGRESSIVE;
				CLANG_CXX_LANGUAGE_STANDARD = "gnu++14";
				CLANG_CXX_LIBRARY = "libc++";
				CLANG_ENABLE_MODULES = YES;
				CLANG_ENABLE_OBJC_ARC = YES;
				CLANG_ENABLE_OBJC_WEAK = YES;
				CLANG_WARN_BLOCK_CAPTURE_AUTORELEASING = YES;
				CLANG_WARN_BOOL_CONVERSION = YES;
				CLANG_WARN_COMMA = YES;
				CLANG_WARN_CONSTANT_CONVERSION = YES;
				CLANG_WARN_DEPRECATED_OBJC_IMPLEMENTATIONS = YES;
				CLANG_WARN_DIRECT_OBJC_ISA_USAGE = YES_ERROR;
				CLANG_WARN_DOCUMENTATION_COMMENTS = YES;
				CLANG_WARN_EMPTY_BODY = YES;
				CLANG_WARN_ENUM_CONVERSION = YES;
				CLANG_WARN_INFINITE_RECURSION = YES;
				CLANG_WARN_INT_CONVERSION = YES;
				CLANG_WARN_NON_LITERAL_NULL_CONVERSION = YES;
				CLANG_WARN_OBJC_IMPLICIT_RETAIN_SELF = YES;
				CLANG_WARN_OBJC_LITERAL_CONVERSION = YES;
				CLANG_WARN_OBJC_ROOT_CLASS = YES_ERROR;
				CLANG_WARN_QUOTED_INCLUDE_IN_FRAMEWORK_HEADER = YES;
				CLANG_WARN_RANGE_LOOP_ANALYSIS = YES;
				CLANG_WARN_STRICT_PROTOTYPES = YES;
				CLANG_WARN_SUSPICIOUS_MOVE = YES;
				CLANG_WARN_UNGUARDED_AVAILABILITY = YES_AGGRESSIVE;
				CLANG_WARN_UNREACHABLE_CODE = YES;
				CLANG_WARN__DUPLICATE_METHOD_MATCH = YES;
				COPY_PHASE_STRIP = NO;
				DEBUG_INFORMATION_FORMAT = dwarf;
				ENABLE_STRICT_OBJC_MSGSEND = YES;
				ENABLE_TESTABILITY = YES;
				GCC_C_LANGUAGE_STANDARD = gnu11;
				GCC_DYNAMIC_NO_PIC = NO;
				GCC_NO_COMMON_BLOCKS = YES;
				GCC_OPTIMIZATION_LEVEL = 0;
				GCC_PREPROCESSOR_DEFINITIONS = (
					"DEBUG=1",
					"$(inherited)",
				);
				GCC_WARN_64_TO_32_BIT_CONVERSION = YES;
				GCC_WARN_ABOUT_RETURN_TYPE = YES_ERROR;
				GCC_WARN_UNDECLARED_SELECTOR = YES;
				GCC_WARN_UNINITIALIZED_AUTOS = YES_AGGRESSIVE;
				GCC_WARN_UNUSED_FUNCTION = YES;
				GCC_WARN_UNUSED_VARIABLE = YES;
				IPHONEOS_DEPLOYMENT_TARGET = 14.3;
				MTL_ENABLE_DEBUG_INFO = INCLUDE_SOURCE;
				MTL_FAST_MATH = YES;
				ONLY_ACTIVE_ARCH = YES;
				SDKROOT = iphoneos;
				SWIFT_ACTIVE_COMPILATION_CONDITIONS = DEBUG;
				SWIFT_OPTIMIZATION_LEVEL = "-Onone";
			};
			name = Debug;
		};
		25D2A63125AD33ED00308F26 /* Release */ = {
			isa = XCBuildConfiguration;
			buildSettings = {
				ALWAYS_SEARCH_USER_PATHS = NO;
				CLANG_ANALYZER_NONNULL = YES;
				CLANG_ANALYZER_NUMBER_OBJECT_CONVERSION = YES_AGGRESSIVE;
				CLANG_CXX_LANGUAGE_STANDARD = "gnu++14";
				CLANG_CXX_LIBRARY = "libc++";
				CLANG_ENABLE_MODULES = YES;
				CLANG_ENABLE_OBJC_ARC = YES;
				CLANG_ENABLE_OBJC_WEAK = YES;
				CLANG_WARN_BLOCK_CAPTURE_AUTORELEASING = YES;
				CLANG_WARN_BOOL_CONVERSION = YES;
				CLANG_WARN_COMMA = YES;
				CLANG_WARN_CONSTANT_CONVERSION = YES;
				CLANG_WARN_DEPRECATED_OBJC_IMPLEMENTATIONS = YES;
				CLANG_WARN_DIRECT_OBJC_ISA_USAGE = YES_ERROR;
				CLANG_WARN_DOCUMENTATION_COMMENTS = YES;
				CLANG_WARN_EMPTY_BODY = YES;
				CLANG_WARN_ENUM_CONVERSION = YES;
				CLANG_WARN_INFINITE_RECURSION = YES;
				CLANG_WARN_INT_CONVERSION = YES;
				CLANG_WARN_NON_LITERAL_NULL_CONVERSION = YES;
				CLANG_WARN_OBJC_IMPLICIT_RETAIN_SELF = YES;
				CLANG_WARN_OBJC_LITERAL_CONVERSION = YES;
				CLANG_WARN_OBJC_ROOT_CLASS = YES_ERROR;
				CLANG_WARN_QUOTED_INCLUDE_IN_FRAMEWORK_HEADER = YES;
				CLANG_WARN_RANGE_LOOP_ANALYSIS = YES;
				CLANG_WARN_STRICT_PROTOTYPES = YES;
				CLANG_WARN_SUSPICIOUS_MOVE = YES;
				CLANG_WARN_UNGUARDED_AVAILABILITY = YES_AGGRESSIVE;
				CLANG_WARN_UNREACHABLE_CODE = YES;
				CLANG_WARN__DUPLICATE_METHOD_MATCH = YES;
				COPY_PHASE_STRIP = NO;
				DEBUG_INFORMATION_FORMAT = "dwarf-with-dsym";
				ENABLE_NS_ASSERTIONS = NO;
				ENABLE_STRICT_OBJC_MSGSEND = YES;
				GCC_C_LANGUAGE_STANDARD = gnu11;
				GCC_NO_COMMON_BLOCKS = YES;
				GCC_WARN_64_TO_32_BIT_CONVERSION = YES;
				GCC_WARN_ABOUT_RETURN_TYPE = YES_ERROR;
				GCC_WARN_UNDECLARED_SELECTOR = YES;
				GCC_WARN_UNINITIALIZED_AUTOS = YES_AGGRESSIVE;
				GCC_WARN_UNUSED_FUNCTION = YES;
				GCC_WARN_UNUSED_VARIABLE = YES;
				IPHONEOS_DEPLOYMENT_TARGET = 14.3;
				MTL_ENABLE_DEBUG_INFO = NO;
				MTL_FAST_MATH = YES;
				SDKROOT = iphoneos;
				SWIFT_COMPILATION_MODE = wholemodule;
				SWIFT_OPTIMIZATION_LEVEL = "-O";
				VALIDATE_PRODUCT = YES;
			};
			name = Release;
		};
		25D2A63325AD33ED00308F26 /* Debug */ = {
			isa = XCBuildConfiguration;
			baseConfigurationReference = C300570D254DE13C67196214 /* Pods-RxTableViewPractice.debug.xcconfig */;
			buildSettings = {
				ASSETCATALOG_COMPILER_APPICON_NAME = AppIcon;
				ASSETCATALOG_COMPILER_GLOBAL_ACCENT_COLOR_NAME = AccentColor;
				CODE_SIGN_STYLE = Automatic;
				DEVELOPMENT_TEAM = 96CBZB9K9M;
				INFOPLIST_FILE = RxTableViewPractice/Info.plist;
				LD_RUNPATH_SEARCH_PATHS = (
					"$(inherited)",
					"@executable_path/Frameworks",
				);
				PRODUCT_BUNDLE_IDENTIFIER = com.Kwonbeom.RxTableViewPractice;
				PRODUCT_NAME = "$(TARGET_NAME)";
				SWIFT_VERSION = 5.0;
				TARGETED_DEVICE_FAMILY = "1,2";
			};
			name = Debug;
		};
		25D2A63425AD33ED00308F26 /* Release */ = {
			isa = XCBuildConfiguration;
			baseConfigurationReference = 766AD041C2647FF1ADD64526 /* Pods-RxTableViewPractice.release.xcconfig */;
			buildSettings = {
				ASSETCATALOG_COMPILER_APPICON_NAME = AppIcon;
				ASSETCATALOG_COMPILER_GLOBAL_ACCENT_COLOR_NAME = AccentColor;
				CODE_SIGN_STYLE = Automatic;
				DEVELOPMENT_TEAM = 96CBZB9K9M;
				INFOPLIST_FILE = RxTableViewPractice/Info.plist;
				LD_RUNPATH_SEARCH_PATHS = (
					"$(inherited)",
					"@executable_path/Frameworks",
				);
				PRODUCT_BUNDLE_IDENTIFIER = com.Kwonbeom.RxTableViewPractice;
				PRODUCT_NAME = "$(TARGET_NAME)";
				SWIFT_VERSION = 5.0;
				TARGETED_DEVICE_FAMILY = "1,2";
			};
			name = Release;
		};
/* End XCBuildConfiguration section */

/* Begin XCConfigurationList section */
		25D2A61925AD33E900308F26 /* Build configuration list for PBXProject "RxTableViewPractice" */ = {
			isa = XCConfigurationList;
			buildConfigurations = (
				25D2A63025AD33ED00308F26 /* Debug */,
				25D2A63125AD33ED00308F26 /* Release */,
			);
			defaultConfigurationIsVisible = 0;
			defaultConfigurationName = Release;
		};
		25D2A63225AD33ED00308F26 /* Build configuration list for PBXNativeTarget "RxTableViewPractice" */ = {
			isa = XCConfigurationList;
			buildConfigurations = (
				25D2A63325AD33ED00308F26 /* Debug */,
				25D2A63425AD33ED00308F26 /* Release */,
			);
			defaultConfigurationIsVisible = 0;
			defaultConfigurationName = Release;
		};
/* End XCConfigurationList section */
	};
	rootObject = 25D2A61625AD33E900308F26 /* Project object */;
}
